
Microsoft Visual Studio Solution File, Format Version 12.00
# Visual Studio Version 17
VisualStudioVersion = 17.14.36930.0
MinimumVisualStudioVersion = 10.0.40219.1
Project("{FAE04EC0-301F-11D3-BF4B-00C04F79EFBC}") = "DualClock", "DualClock\DualClock.csproj", "{EE69964E-9AA3-41CD-9963-1FE31D4EB4B3}"
EndProject
Project("{2150E333-8FDC-42A3-9474-1A3956D46DE8}") = "SolutionFiles", "SolutionFiles", "{02EA681E-C7D8-13C7-8484-4AC65E1B71E8}"
	ProjectSection(SolutionItems) = preProject
		.gitignore = .gitignore
		LICENSE = LICENSE
		README.md = README.md
	EndProjectSection
EndProject
Project("{2150E333-8FDC-42A3-9474-1A3956D46DE8}") = "publish", "publish", "{7AD8E877-C29A-47D9-B054-4B85582D9374}"
	ProjectSection(SolutionItems) = preProject
		make_release.ps1 = make_release.ps1
		make_releaseNew.ps1 = make_releaseNew.ps1
		publish.md = publish.md
	EndProjectSection
EndProject
Global
	GlobalSection(SolutionConfigurationPlatforms) = preSolution
		Debug|Any CPU = Debug|Any CPU
		Release|Any CPU = Release|Any CPU
	EndGlobalSection
	GlobalSection(ProjectConfigurationPlatforms) = postSolution
		{EE69964E-9AA3-41CD-9963-1FE31D4EB4B3}.Debug|Any CPU.ActiveCfg = Debug|Any CPU
		{EE69964E-9AA3-41CD-9963-1FE31D4EB4B3}.Debug|Any CPU.Build.0 = Debug|Any CPU
		{EE69964E-9AA3-41CD-9963-1FE31D4EB4B3}.Release|Any CPU.ActiveCfg = Release|Any CPU
		{EE69964E-9AA3-41CD-9963-1FE31D4EB4B3}.Release|Any CPU.Build.0 = Release|Any CPU
	EndGlobalSection
	GlobalSection(SolutionProperties) = preSolution
		HideSolutionNode = FALSE
	EndGlobalSection
	GlobalSection(ExtensibilityGlobals) = postSolution
		SolutionGuid = {42B03D37-407D-401F-A57C-331B13E5A391}
	EndGlobalSection
EndGlobal
